
Microsoft Visual Studio Solution File, Format Version 12.00
# Visual Studio Version 16
VisualStudioVersion = 16.0.28922.388
MinimumVisualStudioVersion = 10.0.40219.1
Project("{2150E333-8FDC-42A3-9474-1A3956D46DE8}") = "Core", "Core", "{A67CC275-7D74-462E-A912-607FD8427FAC}"
EndProject
Project("{2150E333-8FDC-42A3-9474-1A3956D46DE8}") = "Infrastracture", "Infrastracture", "{EE94809D-3AAE-43D2-8698-818676BE4DB7}"
EndProject
Project("{9A19103F-16F7-4668-BE54-9A1E7A4F7556}") = "GoodMarket.Domain", "GoodMarket.Domain\GoodMarket.Domain.csproj", "{E6A93459-9895-4588-A13A-BD99AE525CF2}"
EndProject
Project("{9A19103F-16F7-4668-BE54-9A1E7A4F7556}") = "GoodMarket.Persistence", "GoodMarket.Persistence\GoodMarket.Persistence.csproj", "{B68ED8B7-0F76-41CA-A80D-DC257302BB80}"
EndProject
Project("{9A19103F-16F7-4668-BE54-9A1E7A4F7556}") = "GoodMarket.Application", "GoodMarket.Application\GoodMarket.Application.csproj", "{3DC8A1DA-F931-4F24-BF06-E1FD47F54184}"
EndProject
Project("{2150E333-8FDC-42A3-9474-1A3956D46DE8}") = "Tests", "Tests", "{82D79E8D-21DC-4CDB-BF7F-81BACE496048}"
EndProject
Project("{2150E333-8FDC-42A3-9474-1A3956D46DE8}") = "Presentation", "Presentation", "{30DE6C81-F479-4188-AEC5-BC130739B7EF}"
EndProject
Project("{2150E333-8FDC-42A3-9474-1A3956D46DE8}") = "Common", "Common", "{FB6198B8-4F71-4D5E-9BB6-B4170099AD01}"
EndProject
Project("{9A19103F-16F7-4668-BE54-9A1E7A4F7556}") = "GoodMarket.Common", "GoodMarket.Common\GoodMarket.Common.csproj", "{3D22C131-6808-404F-8D24-EA7CC39EF89A}"
EndProject
Project("{9A19103F-16F7-4668-BE54-9A1E7A4F7556}") = "GoodMarket.Application.Tests", "GoodMarket.Application.Tests\GoodMarket.Application.Tests.csproj", "{5A073D67-5A6D-4AB9-988F-27EEDF3B5AD2}"
EndProject
Project("{9A19103F-16F7-4668-BE54-9A1E7A4F7556}") = "GoodMarket.AdminApi", "GoodMarket.CMSApi\GoodMarket.AdminApi.csproj", "{A2044F13-D6C5-4910-BEA7-0B126BA67A19}"
EndProject
Project("{9A19103F-16F7-4668-BE54-9A1E7A4F7556}") = "GoodMarket.ShopApi", "GoodMarket.ShopApi\GoodMarket.ShopApi.csproj", "{7E14FC61-4007-4E00-9D89-E54224579BBB}"
EndProject
Project("{9A19103F-16F7-4668-BE54-9A1E7A4F7556}") = "GoodMarket.OrderProcessor", "GoodMarket.OrderProcessor\GoodMarket.OrderProcessor.csproj", "{9C0BAC96-B0FC-4D74-9144-FF2A870CE057}"
EndProject
Project("{9A19103F-16F7-4668-BE54-9A1E7A4F7556}") = "GoodMarket.Authentication", "GoodMarket.Authentication\GoodMarket.Authentication.csproj", "{43D503B2-56C8-465E-96DA-74DFBF9D88E7}"
EndProject
Project("{9A19103F-16F7-4668-BE54-9A1E7A4F7556}") = "GoodMarket.Swagger", "GoodMarket.Swagger\GoodMarket.Swagger.csproj", "{2559648F-B052-4B04-83E6-4CCBEFA79121}"
EndProject
Project("{9A19103F-16F7-4668-BE54-9A1E7A4F7556}") = "GoodMarket.Logger", "GoodMarket.Logger\GoodMarket.Logger.csproj", "{D7DEF05E-54D3-4D5C-B5B3-07034C01DEA8}"
EndProject
Project("{9A19103F-16F7-4668-BE54-9A1E7A4F7556}") = "GoodMarket.IdentityApi", "GoodMarket.IdentityApi\GoodMarket.IdentityApi.csproj", "{7B4B11FC-3C07-4B72-90DC-67FDC068AFDA}"
EndProject
Project("{9A19103F-16F7-4668-BE54-9A1E7A4F7556}") = "GoodMarket.RabbitMQ", "GoodMarket.RabbitMQ\GoodMarket.RabbitMQ.csproj", "{80C20AD1-D61E-48CE-BA59-65BF1BEFF37B}"
EndProject
Project("{2150E333-8FDC-42A3-9474-1A3956D46DE8}") = "Processors", "Processors", "{3F2115DE-7049-4D6E-8DEE-A90E11E5831F}"
EndProject
Project("{9A19103F-16F7-4668-BE54-9A1E7A4F7556}") = "GoodMarket.QueueProcessor", "GoodMarket.QueueProcessor\GoodMarket.QueueProcessor.csproj", "{336BCB77-05EF-42B5-8EBC-05CCE988B539}"
EndProject
Project("{FAE04EC0-301F-11D3-BF4B-00C04F79EFBC}") = "GoodMarket.ChatHubs", "GoodMarket.ChatHubs\GoodMarket.ChatHubs.csproj", "{7F3D0FB7-7326-41B8-85BE-71277CC15D78}"
EndProject
Project("{FAE04EC0-301F-11D3-BF4B-00C04F79EFBC}") = "GoodMarket.SignalR", "GoodMarket.SignalR\GoodMarket.SignalR.csproj", "{481DA5E4-7AA4-41A9-8B2C-6FE1BCD60D8D}"
EndProject
Project("{FAE04EC0-301F-11D3-BF4B-00C04F79EFBC}") = "GoodMarket.StatisticsProcessor", "GoodMarket.StatisticsProcessor\GoodMarket.StatisticsProcessor.csproj", "{40C17651-2DAA-43A9-94B9-2568A9A9EE22}"
EndProject
Project("{FAE04EC0-301F-11D3-BF4B-00C04F79EFBC}") = "GoodMarket.ProcessorsHost", "GoodMarket.ProcessorsHost\GoodMarket.ProcessorsHost.csproj", "{AE6DEE8D-9AB7-4063-86B8-231586118D7C}"
EndProject
Global
	GlobalSection(SolutionConfigurationPlatforms) = preSolution
		Debug|Any CPU = Debug|Any CPU
		Release|Any CPU = Release|Any CPU
	EndGlobalSection
	GlobalSection(ProjectConfigurationPlatforms) = postSolution
		{E6A93459-9895-4588-A13A-BD99AE525CF2}.Debug|Any CPU.ActiveCfg = Debug|Any CPU
		{E6A93459-9895-4588-A13A-BD99AE525CF2}.Debug|Any CPU.Build.0 = Debug|Any CPU
		{E6A93459-9895-4588-A13A-BD99AE525CF2}.Release|Any CPU.ActiveCfg = Release|Any CPU
		{E6A93459-9895-4588-A13A-BD99AE525CF2}.Release|Any CPU.Build.0 = Release|Any CPU
		{B68ED8B7-0F76-41CA-A80D-DC257302BB80}.Debug|Any CPU.ActiveCfg = Debug|Any CPU
		{B68ED8B7-0F76-41CA-A80D-DC257302BB80}.Debug|Any CPU.Build.0 = Debug|Any CPU
		{B68ED8B7-0F76-41CA-A80D-DC257302BB80}.Release|Any CPU.ActiveCfg = Release|Any CPU
		{B68ED8B7-0F76-41CA-A80D-DC257302BB80}.Release|Any CPU.Build.0 = Release|Any CPU
		{3DC8A1DA-F931-4F24-BF06-E1FD47F54184}.Debug|Any CPU.ActiveCfg = Debug|Any CPU
		{3DC8A1DA-F931-4F24-BF06-E1FD47F54184}.Debug|Any CPU.Build.0 = Debug|Any CPU
		{3DC8A1DA-F931-4F24-BF06-E1FD47F54184}.Release|Any CPU.ActiveCfg = Release|Any CPU
		{3DC8A1DA-F931-4F24-BF06-E1FD47F54184}.Release|Any CPU.Build.0 = Release|Any CPU
		{3D22C131-6808-404F-8D24-EA7CC39EF89A}.Debug|Any CPU.ActiveCfg = Debug|Any CPU
		{3D22C131-6808-404F-8D24-EA7CC39EF89A}.Debug|Any CPU.Build.0 = Debug|Any CPU
		{3D22C131-6808-404F-8D24-EA7CC39EF89A}.Release|Any CPU.ActiveCfg = Release|Any CPU
		{3D22C131-6808-404F-8D24-EA7CC39EF89A}.Release|Any CPU.Build.0 = Release|Any CPU
		{5A073D67-5A6D-4AB9-988F-27EEDF3B5AD2}.Debug|Any CPU.ActiveCfg = Debug|Any CPU
		{5A073D67-5A6D-4AB9-988F-27EEDF3B5AD2}.Debug|Any CPU.Build.0 = Debug|Any CPU
		{5A073D67-5A6D-4AB9-988F-27EEDF3B5AD2}.Release|Any CPU.ActiveCfg = Release|Any CPU
		{5A073D67-5A6D-4AB9-988F-27EEDF3B5AD2}.Release|Any CPU.Build.0 = Release|Any CPU
		{A2044F13-D6C5-4910-BEA7-0B126BA67A19}.Debug|Any CPU.ActiveCfg = Debug|Any CPU
		{A2044F13-D6C5-4910-BEA7-0B126BA67A19}.Debug|Any CPU.Build.0 = Debug|Any CPU
		{A2044F13-D6C5-4910-BEA7-0B126BA67A19}.Release|Any CPU.ActiveCfg = Release|Any CPU
		{A2044F13-D6C5-4910-BEA7-0B126BA67A19}.Release|Any CPU.Build.0 = Release|Any CPU
		{7E14FC61-4007-4E00-9D89-E54224579BBB}.Debug|Any CPU.ActiveCfg = Debug|Any CPU
		{7E14FC61-4007-4E00-9D89-E54224579BBB}.Debug|Any CPU.Build.0 = Debug|Any CPU
		{7E14FC61-4007-4E00-9D89-E54224579BBB}.Release|Any CPU.ActiveCfg = Release|Any CPU
		{7E14FC61-4007-4E00-9D89-E54224579BBB}.Release|Any CPU.Build.0 = Release|Any CPU
		{9C0BAC96-B0FC-4D74-9144-FF2A870CE057}.Debug|Any CPU.ActiveCfg = Debug|Any CPU
		{9C0BAC96-B0FC-4D74-9144-FF2A870CE057}.Debug|Any CPU.Build.0 = Debug|Any CPU
		{9C0BAC96-B0FC-4D74-9144-FF2A870CE057}.Release|Any CPU.ActiveCfg = Release|Any CPU
		{9C0BAC96-B0FC-4D74-9144-FF2A870CE057}.Release|Any CPU.Build.0 = Release|Any CPU
		{43D503B2-56C8-465E-96DA-74DFBF9D88E7}.Debug|Any CPU.ActiveCfg = Debug|Any CPU
		{43D503B2-56C8-465E-96DA-74DFBF9D88E7}.Debug|Any CPU.Build.0 = Debug|Any CPU
		{43D503B2-56C8-465E-96DA-74DFBF9D88E7}.Release|Any CPU.ActiveCfg = Release|Any CPU
		{43D503B2-56C8-465E-96DA-74DFBF9D88E7}.Release|Any CPU.Build.0 = Release|Any CPU
		{2559648F-B052-4B04-83E6-4CCBEFA79121}.Debug|Any CPU.ActiveCfg = Debug|Any CPU
		{2559648F-B052-4B04-83E6-4CCBEFA79121}.Debug|Any CPU.Build.0 = Debug|Any CPU
		{2559648F-B052-4B04-83E6-4CCBEFA79121}.Release|Any CPU.ActiveCfg = Release|Any CPU
		{2559648F-B052-4B04-83E6-4CCBEFA79121}.Release|Any CPU.Build.0 = Release|Any CPU
		{D7DEF05E-54D3-4D5C-B5B3-07034C01DEA8}.Debug|Any CPU.ActiveCfg = Debug|Any CPU
		{D7DEF05E-54D3-4D5C-B5B3-07034C01DEA8}.Debug|Any CPU.Build.0 = Debug|Any CPU
		{D7DEF05E-54D3-4D5C-B5B3-07034C01DEA8}.Release|Any CPU.ActiveCfg = Release|Any CPU
		{D7DEF05E-54D3-4D5C-B5B3-07034C01DEA8}.Release|Any CPU.Build.0 = Release|Any CPU
		{7B4B11FC-3C07-4B72-90DC-67FDC068AFDA}.Debug|Any CPU.ActiveCfg = Debug|Any CPU
		{7B4B11FC-3C07-4B72-90DC-67FDC068AFDA}.Debug|Any CPU.Build.0 = Debug|Any CPU
		{7B4B11FC-3C07-4B72-90DC-67FDC068AFDA}.Release|Any CPU.ActiveCfg = Release|Any CPU
		{7B4B11FC-3C07-4B72-90DC-67FDC068AFDA}.Release|Any CPU.Build.0 = Release|Any CPU
		{80C20AD1-D61E-48CE-BA59-65BF1BEFF37B}.Debug|Any CPU.ActiveCfg = Debug|Any CPU
		{80C20AD1-D61E-48CE-BA59-65BF1BEFF37B}.Debug|Any CPU.Build.0 = Debug|Any CPU
		{80C20AD1-D61E-48CE-BA59-65BF1BEFF37B}.Release|Any CPU.ActiveCfg = Release|Any CPU
		{80C20AD1-D61E-48CE-BA59-65BF1BEFF37B}.Release|Any CPU.Build.0 = Release|Any CPU
		{336BCB77-05EF-42B5-8EBC-05CCE988B539}.Debug|Any CPU.ActiveCfg = Debug|Any CPU
		{336BCB77-05EF-42B5-8EBC-05CCE988B539}.Debug|Any CPU.Build.0 = Debug|Any CPU
		{336BCB77-05EF-42B5-8EBC-05CCE988B539}.Release|Any CPU.ActiveCfg = Release|Any CPU
		{336BCB77-05EF-42B5-8EBC-05CCE988B539}.Release|Any CPU.Build.0 = Release|Any CPU
		{7F3D0FB7-7326-41B8-85BE-71277CC15D78}.Debug|Any CPU.ActiveCfg = Debug|Any CPU
		{7F3D0FB7-7326-41B8-85BE-71277CC15D78}.Debug|Any CPU.Build.0 = Debug|Any CPU
		{7F3D0FB7-7326-41B8-85BE-71277CC15D78}.Release|Any CPU.ActiveCfg = Release|Any CPU
		{7F3D0FB7-7326-41B8-85BE-71277CC15D78}.Release|Any CPU.Build.0 = Release|Any CPU
		{481DA5E4-7AA4-41A9-8B2C-6FE1BCD60D8D}.Debug|Any CPU.ActiveCfg = Debug|Any CPU
		{481DA5E4-7AA4-41A9-8B2C-6FE1BCD60D8D}.Debug|Any CPU.Build.0 = Debug|Any CPU
		{481DA5E4-7AA4-41A9-8B2C-6FE1BCD60D8D}.Release|Any CPU.ActiveCfg = Release|Any CPU
		{481DA5E4-7AA4-41A9-8B2C-6FE1BCD60D8D}.Release|Any CPU.Build.0 = Release|Any CPU
		{40C17651-2DAA-43A9-94B9-2568A9A9EE22}.Debug|Any CPU.ActiveCfg = Debug|Any CPU
		{40C17651-2DAA-43A9-94B9-2568A9A9EE22}.Debug|Any CPU.Build.0 = Debug|Any CPU
		{40C17651-2DAA-43A9-94B9-2568A9A9EE22}.Release|Any CPU.ActiveCfg = Release|Any CPU
		{40C17651-2DAA-43A9-94B9-2568A9A9EE22}.Release|Any CPU.Build.0 = Release|Any CPU
		{AE6DEE8D-9AB7-4063-86B8-231586118D7C}.Debug|Any CPU.ActiveCfg = Debug|Any CPU
		{AE6DEE8D-9AB7-4063-86B8-231586118D7C}.Debug|Any CPU.Build.0 = Debug|Any CPU
		{AE6DEE8D-9AB7-4063-86B8-231586118D7C}.Release|Any CPU.ActiveCfg = Release|Any CPU
		{AE6DEE8D-9AB7-4063-86B8-231586118D7C}.Release|Any CPU.Build.0 = Release|Any CPU
	EndGlobalSection
	GlobalSection(SolutionProperties) = preSolution
		HideSolutionNode = FALSE
	EndGlobalSection
	GlobalSection(NestedProjects) = preSolution
		{E6A93459-9895-4588-A13A-BD99AE525CF2} = {A67CC275-7D74-462E-A912-607FD8427FAC}
		{B68ED8B7-0F76-41CA-A80D-DC257302BB80} = {EE94809D-3AAE-43D2-8698-818676BE4DB7}
		{3DC8A1DA-F931-4F24-BF06-E1FD47F54184} = {A67CC275-7D74-462E-A912-607FD8427FAC}
		{3D22C131-6808-404F-8D24-EA7CC39EF89A} = {FB6198B8-4F71-4D5E-9BB6-B4170099AD01}
		{5A073D67-5A6D-4AB9-988F-27EEDF3B5AD2} = {82D79E8D-21DC-4CDB-BF7F-81BACE496048}
		{A2044F13-D6C5-4910-BEA7-0B126BA67A19} = {30DE6C81-F479-4188-AEC5-BC130739B7EF}
		{7E14FC61-4007-4E00-9D89-E54224579BBB} = {30DE6C81-F479-4188-AEC5-BC130739B7EF}
		{9C0BAC96-B0FC-4D74-9144-FF2A870CE057} = {30DE6C81-F479-4188-AEC5-BC130739B7EF}
		{43D503B2-56C8-465E-96DA-74DFBF9D88E7} = {A67CC275-7D74-462E-A912-607FD8427FAC}
		{2559648F-B052-4B04-83E6-4CCBEFA79121} = {A67CC275-7D74-462E-A912-607FD8427FAC}
		{D7DEF05E-54D3-4D5C-B5B3-07034C01DEA8} = {A67CC275-7D74-462E-A912-607FD8427FAC}
		{7B4B11FC-3C07-4B72-90DC-67FDC068AFDA} = {30DE6C81-F479-4188-AEC5-BC130739B7EF}
		{80C20AD1-D61E-48CE-BA59-65BF1BEFF37B} = {EE94809D-3AAE-43D2-8698-818676BE4DB7}
		{336BCB77-05EF-42B5-8EBC-05CCE988B539} = {3F2115DE-7049-4D6E-8DEE-A90E11E5831F}
		{7F3D0FB7-7326-41B8-85BE-71277CC15D78} = {3F2115DE-7049-4D6E-8DEE-A90E11E5831F}
		{481DA5E4-7AA4-41A9-8B2C-6FE1BCD60D8D} = {EE94809D-3AAE-43D2-8698-818676BE4DB7}
		{40C17651-2DAA-43A9-94B9-2568A9A9EE22} = {3F2115DE-7049-4D6E-8DEE-A90E11E5831F}
		{AE6DEE8D-9AB7-4063-86B8-231586118D7C} = {3F2115DE-7049-4D6E-8DEE-A90E11E5831F}
	EndGlobalSection
	GlobalSection(ExtensibilityGlobals) = postSolution
		SolutionGuid = {3C51BE26-0A20-47B1-8E78-4B88B232A964}
	EndGlobalSection
EndGlobal
